{
  "name": "vscode-modernized",
  "version": "0.1.0",
  "lockfileVersion": 3,
  "requires": true,
  "packages": {
    "": {
      "name": "vscode-modernized",
      "version": "0.1.0",
      "dependencies": {
        "@vscode/sudo-prompt": "^9.3.1"
      },
      "devDependencies": {
        "@types/node": "18.x",
        "@types/vscode": "^1.75.0"
      },
      "engines": {
        "vscode": "^1.75.0"
      }
    },
    "node_modules/@types/node": {
      "version": "18.19.86",
      "resolved": "https://registry.npmjs.org/@types/node/-/node-18.19.86.tgz",
      "integrity": "sha512-fifKayi175wLyKyc5qUfyENhQ1dCNI1UNjp653d8kuYcPQN5JhX3dGuP/XmvPTg/xRBn1VTLpbmi+H/Mr7tLfQ==",
      "dev": true,
      "dependencies": {
        "undici-types": "~5.26.4"
      }
    },
    "node_modules/@types/vscode": {
      "version": "1.99.1",
      "resolved": "https://registry.npmjs.org/@types/vscode/-/vscode-1.99.1.tgz",
      "integrity": "sha512-cQlqxHZ040ta6ovZXnXRxs3fJiTmlurkIWOfZVcLSZPcm9J4ikFpXuB7gihofGn5ng+kDVma5EmJIclfk0trPQ==",
      "dev": true
    },
    "node_modules/@vscode/sudo-prompt": {
      "version": "9.3.1",
      "resolved": "https://registry.npmjs.org/@vscode/sudo-prompt/-/sudo-prompt-9.3.1.tgz",
      "integrity": "sha512-9ORTwwS74VaTn38tNbQhsA5U44zkJfcb0BdTSyyG6frP4e8KMtHuTXYmwefe5dpL8XB1aGSIVTaLjD3BbWb5iA=="
    },
    "node_modules/undici-types": {
      "version": "5.26.5",
      "resolved": "https://registry.npmjs.org/undici-types/-/undici-types-5.26.5.tgz",
      "integrity": "sha512-JlCMO+ehdEIKqlFxk6IfVoAUVmgz7cU7zD/h9XZ0qzeosSHmUJVOzSQvvYSYWXkFXC+IfLKSIffhv0sVZup6pA==",
      "dev": true
    }
  }
}
